// !$*UTF8*$!
{
	archiveVersion = 1;
	classes = {
	};
	objectVersion = 56;
	objects = {

/* Begin PBXBuildFile section */
		BC96ACD92BF8F61F003C65C8 /* InstagramCloneApp.swift in Sources */ = {isa = PBXBuildFile; fileRef = BC96ACD82BF8F61F003C65C8 /* InstagramCloneApp.swift */; };
		BC96ACDB2BF8F61F003C65C8 /* ContentView.swift in Sources */ = {isa = PBXBuildFile; fileRef = BC96ACDA2BF8F61F003C65C8 /* ContentView.swift */; };
		BC96ACDD2BF8F620003C65C8 /* Assets.xcassets in Resources */ = {isa = PBXBuildFile; fileRef = BC96ACDC2BF8F620003C65C8 /* Assets.xcassets */; };
		BC96ACE02BF8F620003C65C8 /* Preview Assets.xcassets in Resources */ = {isa = PBXBuildFile; fileRef = BC96ACDF2BF8F620003C65C8 /* Preview Assets.xcassets */; };
		BC96ACF42BFA331F003C65C8 /* MainTabView.swift in Sources */ = {isa = PBXBuildFile; fileRef = BC96ACF32BFA331F003C65C8 /* MainTabView.swift */; };
		BC96ACF62BFA34EA003C65C8 /* ProfileView.swift in Sources */ = {isa = PBXBuildFile; fileRef = BC96ACF52BFA34EA003C65C8 /* ProfileView.swift */; };
		BC96ACF92BFA3C18003C65C8 /* StatsView.swift in Sources */ = {isa = PBXBuildFile; fileRef = BC96ACF82BFA3C18003C65C8 /* StatsView.swift */; };
		BC96ACFB2BFA4150003C65C8 /* FeedView.swift in Sources */ = {isa = PBXBuildFile; fileRef = BC96ACFA2BFA4150003C65C8 /* FeedView.swift */; };
		BC96ACFD2BFA4158003C65C8 /* FeedCell.swift in Sources */ = {isa = PBXBuildFile; fileRef = BC96ACFC2BFA4158003C65C8 /* FeedCell.swift */; };
		BC96AD002BFBCD07003C65C8 /* ExploreView.swift in Sources */ = {isa = PBXBuildFile; fileRef = BC96ACFF2BFBCD07003C65C8 /* ExploreView.swift */; };
		BC96AD032BFBD25A003C65C8 /* InboxCell.swift in Sources */ = {isa = PBXBuildFile; fileRef = BC96AD022BFBD25A003C65C8 /* InboxCell.swift */; };
		BC96AD052BFBD274003C65C8 /* InboxView.swift in Sources */ = {isa = PBXBuildFile; fileRef = BC96AD042BFBD274003C65C8 /* InboxView.swift */; };
		BC96AD072BFBD29E003C65C8 /* UserCell.swift in Sources */ = {isa = PBXBuildFile; fileRef = BC96AD062BFBD29E003C65C8 /* UserCell.swift */; };
		BC96AD092BFBD38C003C65C8 /* UploadPostView.swift in Sources */ = {isa = PBXBuildFile; fileRef = BC96AD082BFBD38C003C65C8 /* UploadPostView.swift */; };
		BC96AD0B2BFBD539003C65C8 /* User.swift in Sources */ = {isa = PBXBuildFile; fileRef = BC96AD0A2BFBD539003C65C8 /* User.swift */; };
/* End PBXBuildFile section */

/* Begin PBXFileReference section */
		BC96ACD52BF8F61F003C65C8 /* InstagramClone.app */ = {isa = PBXFileReference; explicitFileType = wrapper.application; includeInIndex = 0; path = InstagramClone.app; sourceTree = BUILT_PRODUCTS_DIR; };
		BC96ACD82BF8F61F003C65C8 /* InstagramCloneApp.swift */ = {isa = PBXFileReference; lastKnownFileType = sourcecode.swift; path = InstagramCloneApp.swift; sourceTree = "<group>"; };
		BC96ACDA2BF8F61F003C65C8 /* ContentView.swift */ = {isa = PBXFileReference; lastKnownFileType = sourcecode.swift; path = ContentView.swift; sourceTree = "<group>"; };
		BC96ACDC2BF8F620003C65C8 /* Assets.xcassets */ = {isa = PBXFileReference; lastKnownFileType = folder.assetcatalog; path = Assets.xcassets; sourceTree = "<group>"; };
		BC96ACDF2BF8F620003C65C8 /* Preview Assets.xcassets */ = {isa = PBXFileReference; lastKnownFileType = folder.assetcatalog; path = "Preview Assets.xcassets"; sourceTree = "<group>"; };
		BC96ACF32BFA331F003C65C8 /* MainTabView.swift */ = {isa = PBXFileReference; lastKnownFileType = sourcecode.swift; path = MainTabView.swift; sourceTree = "<group>"; };
		BC96ACF52BFA34EA003C65C8 /* ProfileView.swift */ = {isa = PBXFileReference; lastKnownFileType = sourcecode.swift; path = ProfileView.swift; sourceTree = "<group>"; };
		BC96ACF82BFA3C18003C65C8 /* StatsView.swift */ = {isa = PBXFileReference; lastKnownFileType = sourcecode.swift; path = StatsView.swift; sourceTree = "<group>"; };
		BC96ACFA2BFA4150003C65C8 /* FeedView.swift */ = {isa = PBXFileReference; lastKnownFileType = sourcecode.swift; path = FeedView.swift; sourceTree = "<group>"; };
		BC96ACFC2BFA4158003C65C8 /* FeedCell.swift */ = {isa = PBXFileReference; lastKnownFileType = sourcecode.swift; path = FeedCell.swift; sourceTree = "<group>"; };
		BC96ACFF2BFBCD07003C65C8 /* ExploreView.swift */ = {isa = PBXFileReference; lastKnownFileType = sourcecode.swift; path = ExploreView.swift; sourceTree = "<group>"; };
		BC96AD022BFBD25A003C65C8 /* InboxCell.swift */ = {isa = PBXFileReference; lastKnownFileType = sourcecode.swift; path = InboxCell.swift; sourceTree = "<group>"; };
		BC96AD042BFBD274003C65C8 /* InboxView.swift */ = {isa = PBXFileReference; lastKnownFileType = sourcecode.swift; path = InboxView.swift; sourceTree = "<group>"; };
		BC96AD062BFBD29E003C65C8 /* UserCell.swift */ = {isa = PBXFileReference; lastKnownFileType = sourcecode.swift; path = UserCell.swift; sourceTree = "<group>"; };
		BC96AD082BFBD38C003C65C8 /* UploadPostView.swift */ = {isa = PBXFileReference; lastKnownFileType = sourcecode.swift; path = UploadPostView.swift; sourceTree = "<group>"; };
		BC96AD0A2BFBD539003C65C8 /* User.swift */ = {isa = PBXFileReference; lastKnownFileType = sourcecode.swift; path = User.swift; sourceTree = "<group>"; };
/* End PBXFileReference section */

/* Begin PBXFrameworksBuildPhase section */
		BC96ACD22BF8F61F003C65C8 /* Frameworks */ = {
			isa = PBXFrameworksBuildPhase;
			buildActionMask = 2147483647;
			files = (
			);
			runOnlyForDeploymentPostprocessing = 0;
		};
/* End PBXFrameworksBuildPhase section */

/* Begin PBXGroup section */
		BC96ACCC2BF8F61F003C65C8 = {
			isa = PBXGroup;
			children = (
				BC96ACD72BF8F61F003C65C8 /* InstagramClone */,
				BC96ACD62BF8F61F003C65C8 /* Products */,
			);
			sourceTree = "<group>";
		};
		BC96ACD62BF8F61F003C65C8 /* Products */ = {
			isa = PBXGroup;
			children = (
				BC96ACD52BF8F61F003C65C8 /* InstagramClone.app */,
			);
			name = Products;
			sourceTree = "<group>";
		};
		BC96ACD72BF8F61F003C65C8 /* InstagramClone */ = {
			isa = PBXGroup;
			children = (
				BC96ACEA2BF8F697003C65C8 /* App */,
				BC96ACE92BF8F696003C65C8 /* Core */,
				BC96AD012BFBD23A003C65C8 /* Notifications */,
				BC96ACE82BF8F695003C65C8 /* Extensions */,
				BC96ACE72BF8F694003C65C8 /* Model */,
				BC96ACE62BF8F693003C65C8 /* Services */,
				BC96ACDA2BF8F61F003C65C8 /* ContentView.swift */,
				BC96ACDC2BF8F620003C65C8 /* Assets.xcassets */,
				BC96ACDE2BF8F620003C65C8 /* Preview Content */,
			);
			path = InstagramClone;
			sourceTree = "<group>";
		};
		BC96ACDE2BF8F620003C65C8 /* Preview Content */ = {
			isa = PBXGroup;
			children = (
				BC96ACDF2BF8F620003C65C8 /* Preview Assets.xcassets */,
			);
			path = "Preview Content";
			sourceTree = "<group>";
		};
		BC96ACE62BF8F693003C65C8 /* Services */ = {
			isa = PBXGroup;
			children = (
			);
			path = Services;
			sourceTree = "<group>";
		};
		BC96ACE72BF8F694003C65C8 /* Model */ = {
			isa = PBXGroup;
			children = (
				BC96AD0A2BFBD539003C65C8 /* User.swift */,
			);
			path = Model;
			sourceTree = "<group>";
		};
		BC96ACE82BF8F695003C65C8 /* Extensions */ = {
			isa = PBXGroup;
			children = (
			);
			path = Extensions;
			sourceTree = "<group>";
		};
		BC96ACE92BF8F696003C65C8 /* Core */ = {
			isa = PBXGroup;
			children = (
				BC96ACEF2BFA328F003C65C8 /* Authentication */,
				BC96ACEE2BFA328F003C65C8 /* Feed */,
				BC96ACF12BFA3292003C65C8 /* TabBar */,
				BC96ACEB2BFA3287003C65C8 /* Root */,
				BC96ACED2BFA328D003C65C8 /* Profile */,
				BC96ACF02BFA3290003C65C8 /* UploadPost */,
				BC96ACF22BFA32B9003C65C8 /* Explore */,
			);
			path = Core;
			sourceTree = "<group>";
		};
		BC96ACEA2BF8F697003C65C8 /* App */ = {
			isa = PBXGroup;
			children = (
				BC96ACD82BF8F61F003C65C8 /* InstagramCloneApp.swift */,
			);
			path = App;
			sourceTree = "<group>";
		};
		BC96ACEB2BFA3287003C65C8 /* Root */ = {
			isa = PBXGroup;
			children = (
			);
			path = Root;
			sourceTree = "<group>";
		};
		BC96ACED2BFA328D003C65C8 /* Profile */ = {
			isa = PBXGroup;
			children = (
				BC96ACF52BFA34EA003C65C8 /* ProfileView.swift */,
				BC96ACF72BFA3BF0003C65C8 /* Components */,
			);
			path = Profile;
			sourceTree = "<group>";
		};
		BC96ACEE2BFA328F003C65C8 /* Feed */ = {
			isa = PBXGroup;
			children = (
				BC96ACFE2BFA415C003C65C8 /* Components */,
				BC96ACFA2BFA4150003C65C8 /* FeedView.swift */,
			);
			path = Feed;
			sourceTree = "<group>";
		};
		BC96ACEF2BFA328F003C65C8 /* Authentication */ = {
			isa = PBXGroup;
			children = (
			);
			path = Authentication;
			sourceTree = "<group>";
		};
		BC96ACF02BFA3290003C65C8 /* UploadPost */ = {
			isa = PBXGroup;
			children = (
				BC96AD082BFBD38C003C65C8 /* UploadPostView.swift */,
			);
			path = UploadPost;
			sourceTree = "<group>";
		};
		BC96ACF12BFA3292003C65C8 /* TabBar */ = {
			isa = PBXGroup;
			children = (
				BC96ACF32BFA331F003C65C8 /* MainTabView.swift */,
			);
			path = TabBar;
			sourceTree = "<group>";
		};
		BC96ACF22BFA32B9003C65C8 /* Explore */ = {
			isa = PBXGroup;
			children = (
				BC96ACFF2BFBCD07003C65C8 /* ExploreView.swift */,
			);
			path = Explore;
			sourceTree = "<group>";
		};
		BC96ACF72BFA3BF0003C65C8 /* Components */ = {
			isa = PBXGroup;
			children = (
				BC96ACF82BFA3C18003C65C8 /* StatsView.swift */,
			);
			path = Components;
			sourceTree = "<group>";
		};
		BC96ACFE2BFA415C003C65C8 /* Components */ = {
			isa = PBXGroup;
			children = (
				BC96ACFC2BFA4158003C65C8 /* FeedCell.swift */,
			);
			path = Components;
			sourceTree = "<group>";
		};
		BC96AD012BFBD23A003C65C8 /* Notifications */ = {
			isa = PBXGroup;
			children = (
				BC96AD022BFBD25A003C65C8 /* InboxCell.swift */,
				BC96AD062BFBD29E003C65C8 /* UserCell.swift */,
				BC96AD042BFBD274003C65C8 /* InboxView.swift */,
			);
			path = Notifications;
			sourceTree = "<group>";
		};
/* End PBXGroup section */

/* Begin PBXNativeTarget section */
		BC96ACD42BF8F61F003C65C8 /* InstagramClone */ = {
			isa = PBXNativeTarget;
			buildConfigurationList = BC96ACE32BF8F620003C65C8 /* Build configuration list for PBXNativeTarget "InstagramClone" */;
			buildPhases = (
				BC96ACD12BF8F61F003C65C8 /* Sources */,
				BC96ACD22BF8F61F003C65C8 /* Frameworks */,
				BC96ACD32BF8F61F003C65C8 /* Resources */,
			);
			buildRules = (
			);
			dependencies = (
			);
			name = InstagramClone;
			productName = InstagramClone;
			productReference = BC96ACD52BF8F61F003C65C8 /* InstagramClone.app */;
			productType = "com.apple.product-type.application";
		};
/* End PBXNativeTarget section */

/* Begin PBXProject section */
		BC96ACCD2BF8F61F003C65C8 /* Project object */ = {
			isa = PBXProject;
			attributes = {
				BuildIndependentTargetsInParallel = 1;
				LastSwiftUpdateCheck = 1510;
				LastUpgradeCheck = 1510;
				TargetAttributes = {
					BC96ACD42BF8F61F003C65C8 = {
						CreatedOnToolsVersion = 15.1;
					};
				};
			};
			buildConfigurationList = BC96ACD02BF8F61F003C65C8 /* Build configuration list for PBXProject "InstagramClone" */;
			compatibilityVersion = "Xcode 14.0";
			developmentRegion = en;
			hasScannedForEncodings = 0;
			knownRegions = (
				en,
				Base,
			);
			mainGroup = BC96ACCC2BF8F61F003C65C8;
			productRefGroup = BC96ACD62BF8F61F003C65C8 /* Products */;
			projectDirPath = "";
			projectRoot = "";
			targets = (
				BC96ACD42BF8F61F003C65C8 /* InstagramClone */,
			);
		};
/* End PBXProject section */

/* Begin PBXResourcesBuildPhase section */
		BC96ACD32BF8F61F003C65C8 /* Resources */ = {
			isa = PBXResourcesBuildPhase;
			buildActionMask = 2147483647;
			files = (
				BC96ACE02BF8F620003C65C8 /* Preview Assets.xcassets in Resources */,
				BC96ACDD2BF8F620003C65C8 /* Assets.xcassets in Resources */,
			);
			runOnlyForDeploymentPostprocessing = 0;
		};
/* End PBXResourcesBuildPhase section */

/* Begin PBXSourcesBuildPhase section */
		BC96ACD12BF8F61F003C65C8 /* Sources */ = {
			isa = PBXSourcesBuildPhase;
			buildActionMask = 2147483647;
			files = (
				BC96AD0B2BFBD539003C65C8 /* User.swift in Sources */,
				BC96ACFD2BFA4158003C65C8 /* FeedCell.swift in Sources */,
				BC96AD092BFBD38C003C65C8 /* UploadPostView.swift in Sources */,
				BC96ACF62BFA34EA003C65C8 /* ProfileView.swift in Sources */,
				BC96ACF92BFA3C18003C65C8 /* StatsView.swift in Sources */,
				BC96AD032BFBD25A003C65C8 /* InboxCell.swift in Sources */,
				BC96ACDB2BF8F61F003C65C8 /* ContentView.swift in Sources */,
				BC96ACD92BF8F61F003C65C8 /* InstagramCloneApp.swift in Sources */,
				BC96ACFB2BFA4150003C65C8 /* FeedView.swift in Sources */,
				BC96AD052BFBD274003C65C8 /* InboxView.swift in Sources */,
				BC96AD002BFBCD07003C65C8 /* ExploreView.swift in Sources */,
				BC96AD072BFBD29E003C65C8 /* UserCell.swift in Sources */,
				BC96ACF42BFA331F003C65C8 /* MainTabView.swift in Sources */,
			);
			runOnlyForDeploymentPostprocessing = 0;
		};
/* End PBXSourcesBuildPhase section */

/* Begin XCBuildConfiguration section */
		BC96ACE12BF8F620003C65C8 /* Debug */ = {
			isa = XCBuildConfiguration;
			buildSettings = {
				ALWAYS_SEARCH_USER_PATHS = NO;
				ASSETCATALOG_COMPILER_GENERATE_SWIFT_ASSET_SYMBOL_EXTENSIONS = YES;
				CLANG_ANALYZER_NONNULL = YES;
				CLANG_ANALYZER_NUMBER_OBJECT_CONVERSION = YES_AGGRESSIVE;
				CLANG_CXX_LANGUAGE_STANDARD = "gnu++20";
				CLANG_ENABLE_MODULES = YES;
				CLANG_ENABLE_OBJC_ARC = YES;
				CLANG_ENABLE_OBJC_WEAK = YES;
				CLANG_WARN_BLOCK_CAPTURE_AUTORELEASING = YES;
				CLANG_WARN_BOOL_CONVERSION = YES;
				CLANG_WARN_COMMA = YES;
				CLANG_WARN_CONSTANT_CONVERSION = YES;
				CLANG_WARN_DEPRECATED_OBJC_IMPLEMENTATIONS = YES;
				CLANG_WARN_DIRECT_OBJC_ISA_USAGE = YES_ERROR;
				CLANG_WARN_DOCUMENTATION_COMMENTS = YES;
				CLANG_WARN_EMPTY_BODY = YES;
				CLANG_WARN_ENUM_CONVERSION = YES;
				CLANG_WARN_INFINITE_RECURSION = YES;
				CLANG_WARN_INT_CONVERSION = YES;
				CLANG_WARN_NON_LITERAL_NULL_CONVERSION = YES;
				CLANG_WARN_OBJC_IMPLICIT_RETAIN_SELF = YES;
				CLANG_WARN_OBJC_LITERAL_CONVERSION = YES;
				CLANG_WARN_OBJC_ROOT_CLASS = YES_ERROR;
				CLANG_WARN_QUOTED_INCLUDE_IN_FRAMEWORK_HEADER = YES;
				CLANG_WARN_RANGE_LOOP_ANALYSIS = YES;
				CLANG_WARN_STRICT_PROTOTYPES = YES;
				CLANG_WARN_SUSPICIOUS_MOVE = YES;
				CLANG_WARN_UNGUARDED_AVAILABILITY = YES_AGGRESSIVE;
				CLANG_WARN_UNREACHABLE_CODE = YES;
				CLANG_WARN__DUPLICATE_METHOD_MATCH = YES;
				COPY_PHASE_STRIP = NO;
				DEBUG_INFORMATION_FORMAT = dwarf;
				ENABLE_STRICT_OBJC_MSGSEND = YES;
				ENABLE_TESTABILITY = YES;
				ENABLE_USER_SCRIPT_SANDBOXING = YES;
				GCC_C_LANGUAGE_STANDARD = gnu17;
				GCC_DYNAMIC_NO_PIC = NO;
				GCC_NO_COMMON_BLOCKS = YES;
				GCC_OPTIMIZATION_LEVEL = 0;
				GCC_PREPROCESSOR_DEFINITIONS = (
					"DEBUG=1",
					"$(inherited)",
				);
				GCC_WARN_64_TO_32_BIT_CONVERSION = YES;
				GCC_WARN_ABOUT_RETURN_TYPE = YES_ERROR;
				GCC_WARN_UNDECLARED_SELECTOR = YES;
				GCC_WARN_UNINITIALIZED_AUTOS = YES_AGGRESSIVE;
				GCC_WARN_UNUSED_FUNCTION = YES;
				GCC_WARN_UNUSED_VARIABLE = YES;
				IPHONEOS_DEPLOYMENT_TARGET = 17.2;
				LOCALIZATION_PREFERS_STRING_CATALOGS = YES;
				MTL_ENABLE_DEBUG_INFO = INCLUDE_SOURCE;
				MTL_FAST_MATH = YES;
				ONLY_ACTIVE_ARCH = YES;
				SDKROOT = iphoneos;
				SWIFT_ACTIVE_COMPILATION_CONDITIONS = "DEBUG $(inherited)";
				SWIFT_OPTIMIZATION_LEVEL = "-Onone";
			};
			name = Debug;
		};
		BC96ACE22BF8F620003C65C8 /* Release */ = {
			isa = XCBuildConfiguration;
			buildSettings = {
				ALWAYS_SEARCH_USER_PATHS = NO;
				ASSETCATALOG_COMPILER_GENERATE_SWIFT_ASSET_SYMBOL_EXTENSIONS = YES;
				CLANG_ANALYZER_NONNULL = YES;
				CLANG_ANALYZER_NUMBER_OBJECT_CONVERSION = YES_AGGRESSIVE;
				CLANG_CXX_LANGUAGE_STANDARD = "gnu++20";
				CLANG_ENABLE_MODULES = YES;
				CLANG_ENABLE_OBJC_ARC = YES;
				CLANG_ENABLE_OBJC_WEAK = YES;
				CLANG_WARN_BLOCK_CAPTURE_AUTORELEASING = YES;
				CLANG_WARN_BOOL_CONVERSION = YES;
				CLANG_WARN_COMMA = YES;
				CLANG_WARN_CONSTANT_CONVERSION = YES;
				CLANG_WARN_DEPRECATED_OBJC_IMPLEMENTATIONS = YES;
				CLANG_WARN_DIRECT_OBJC_ISA_USAGE = YES_ERROR;
				CLANG_WARN_DOCUMENTATION_COMMENTS = YES;
				CLANG_WARN_EMPTY_BODY = YES;
				CLANG_WARN_ENUM_CONVERSION = YES;
				CLANG_WARN_INFINITE_RECURSION = YES;
				CLANG_WARN_INT_CONVERSION = YES;
				CLANG_WARN_NON_LITERAL_NULL_CONVERSION = YES;
				CLANG_WARN_OBJC_IMPLICIT_RETAIN_SELF = YES;
				CLANG_WARN_OBJC_LITERAL_CONVERSION = YES;
				CLANG_WARN_OBJC_ROOT_CLASS = YES_ERROR;
				CLANG_WARN_QUOTED_INCLUDE_IN_FRAMEWORK_HEADER = YES;
				CLANG_WARN_RANGE_LOOP_ANALYSIS = YES;
				CLANG_WARN_STRICT_PROTOTYPES = YES;
				CLANG_WARN_SUSPICIOUS_MOVE = YES;
				CLANG_WARN_UNGUARDED_AVAILABILITY = YES_AGGRESSIVE;
				CLANG_WARN_UNREACHABLE_CODE = YES;
				CLANG_WARN__DUPLICATE_METHOD_MATCH = YES;
				COPY_PHASE_STRIP = NO;
				DEBUG_INFORMATION_FORMAT = "dwarf-with-dsym";
				ENABLE_NS_ASSERTIONS = NO;
				ENABLE_STRICT_OBJC_MSGSEND = YES;
				ENABLE_USER_SCRIPT_SANDBOXING = YES;
				GCC_C_LANGUAGE_STANDARD = gnu17;
				GCC_NO_COMMON_BLOCKS = YES;
				GCC_WARN_64_TO_32_BIT_CONVERSION = YES;
				GCC_WARN_ABOUT_RETURN_TYPE = YES_ERROR;
				GCC_WARN_UNDECLARED_SELECTOR = YES;
				GCC_WARN_UNINITIALIZED_AUTOS = YES_AGGRESSIVE;
				GCC_WARN_UNUSED_FUNCTION = YES;
				GCC_WARN_UNUSED_VARIABLE = YES;
				IPHONEOS_DEPLOYMENT_TARGET = 17.2;
				LOCALIZATION_PREFERS_STRING_CATALOGS = YES;
				MTL_ENABLE_DEBUG_INFO = NO;
				MTL_FAST_MATH = YES;
				SDKROOT = iphoneos;
				SWIFT_COMPILATION_MODE = wholemodule;
				VALIDATE_PRODUCT = YES;
			};
			name = Release;
		};
		BC96ACE42BF8F620003C65C8 /* Debug */ = {
			isa = XCBuildConfiguration;
			buildSettings = {
				ASSETCATALOG_COMPILER_APPICON_NAME = AppIcon;
				ASSETCATALOG_COMPILER_GLOBAL_ACCENT_COLOR_NAME = AccentColor;
				CODE_SIGN_STYLE = Automatic;
				CURRENT_PROJECT_VERSION = 1;
				DEVELOPMENT_ASSET_PATHS = "\"InstagramClone/Preview Content\"";
				DEVELOPMENT_TEAM = 2PWGJZG35F;
				ENABLE_PREVIEWS = YES;
				GENERATE_INFOPLIST_FILE = YES;
				INFOPLIST_KEY_UIApplicationSceneManifest_Generation = YES;
				INFOPLIST_KEY_UIApplicationSupportsIndirectInputEvents = YES;
				INFOPLIST_KEY_UILaunchScreen_Generation = YES;
				INFOPLIST_KEY_UISupportedInterfaceOrientations_iPad = "UIInterfaceOrientationPortrait UIInterfaceOrientationPortraitUpsideDown UIInterfaceOrientationLandscapeLeft UIInterfaceOrientationLandscapeRight";
				INFOPLIST_KEY_UISupportedInterfaceOrientations_iPhone = "UIInterfaceOrientationPortrait UIInterfaceOrientationLandscapeLeft UIInterfaceOrientationLandscapeRight";
				LD_RUNPATH_SEARCH_PATHS = (
					"$(inherited)",
					"@executable_path/Frameworks",
				);
				MARKETING_VERSION = 1.0;
				PRODUCT_BUNDLE_IDENTIFIER = app.enes.InstagramClone;
				PRODUCT_NAME = "$(TARGET_NAME)";
				SWIFT_EMIT_LOC_STRINGS = YES;
				SWIFT_VERSION = 5.0;
				TARGETED_DEVICE_FAMILY = "1,2";
			};
			name = Debug;
		};
		BC96ACE52BF8F620003C65C8 /* Release */ = {
			isa = XCBuildConfiguration;
			buildSettings = {
				ASSETCATALOG_COMPILER_APPICON_NAME = AppIcon;
				ASSETCATALOG_COMPILER_GLOBAL_ACCENT_COLOR_NAME = AccentColor;
				CODE_SIGN_STYLE = Automatic;
				CURRENT_PROJECT_VERSION = 1;
				DEVELOPMENT_ASSET_PATHS = "\"InstagramClone/Preview Content\"";
				DEVELOPMENT_TEAM = 2PWGJZG35F;
				ENABLE_PREVIEWS = YES;
				GENERATE_INFOPLIST_FILE = YES;
				INFOPLIST_KEY_UIApplicationSceneManifest_Generation = YES;
				INFOPLIST_KEY_UIApplicationSupportsIndirectInputEvents = YES;
				INFOPLIST_KEY_UILaunchScreen_Generation = YES;
				INFOPLIST_KEY_UISupportedInterfaceOrientations_iPad = "UIInterfaceOrientationPortrait UIInterfaceOrientationPortraitUpsideDown UIInterfaceOrientationLandscapeLeft UIInterfaceOrientationLandscapeRight";
				INFOPLIST_KEY_UISupportedInterfaceOrientations_iPhone = "UIInterfaceOrientationPortrait UIInterfaceOrientationLandscapeLeft UIInterfaceOrientationLandscapeRight";
				LD_RUNPATH_SEARCH_PATHS = (
					"$(inherited)",
					"@executable_path/Frameworks",
				);
				MARKETING_VERSION = 1.0;
				PRODUCT_BUNDLE_IDENTIFIER = app.enes.InstagramClone;
				PRODUCT_NAME = "$(TARGET_NAME)";
				SWIFT_EMIT_LOC_STRINGS = YES;
				SWIFT_VERSION = 5.0;
				TARGETED_DEVICE_FAMILY = "1,2";
			};
			name = Release;
		};
/* End XCBuildConfiguration section */

/* Begin XCConfigurationList section */
		BC96ACD02BF8F61F003C65C8 /* Build configuration list for PBXProject "InstagramClone" */ = {
			isa = XCConfigurationList;
			buildConfigurations = (
				BC96ACE12BF8F620003C65C8 /* Debug */,
				BC96ACE22BF8F620003C65C8 /* Release */,
			);
			defaultConfigurationIsVisible = 0;
			defaultConfigurationName = Release;
		};
		BC96ACE32BF8F620003C65C8 /* Build configuration list for PBXNativeTarget "InstagramClone" */ = {
			isa = XCConfigurationList;
			buildConfigurations = (
				BC96ACE42BF8F620003C65C8 /* Debug */,
				BC96ACE52BF8F620003C65C8 /* Release */,
			);
			defaultConfigurationIsVisible = 0;
			defaultConfigurationName = Release;
		};
/* End XCConfigurationList section */
	};
	rootObject = BC96ACCD2BF8F61F003C65C8 /* Project object */;
}
